
Microsoft Visual Studio Solution File, Format Version 12.00
# Visual Studio Version 17
VisualStudioVersion = 17.5.33627.172
MinimumVisualStudioVersion = 10.0.40219.1
Project("{FAE04EC0-301F-11D3-BF4B-00C04F79EFBC}") = "CasgemCqrs", "CasgemCqrs\CasgemCqrs.csproj", "{3FCFD4F3-5C68-4C3C-884F-AD1407B48FD1}"
EndProject
Global
	GlobalSection(SolutionConfigurationPlatforms) = preSolution
		Debug|Any CPU = Debug|Any CPU
		Release|Any CPU = Release|Any CPU
	EndGlobalSection
	GlobalSection(ProjectConfigurationPlatforms) = postSolution
		{3FCFD4F3-5C68-4C3C-884F-AD1407B48FD1}.Debug|Any CPU.ActiveCfg = Debug|Any CPU
		{3FCFD4F3-5C68-4C3C-884F-AD1407B48FD1}.Debug|Any CPU.Build.0 = Debug|Any CPU
		{3FCFD4F3-5C68-4C3C-884F-AD1407B48FD1}.Release|Any CPU.ActiveCfg = Release|Any CPU
		{3FCFD4F3-5C68-4C3C-884F-AD1407B48FD1}.Release|Any CPU.Build.0 = Release|Any CPU
	EndGlobalSection
	GlobalSection(SolutionProperties) = preSolution
		HideSolutionNode = FALSE
	EndGlobalSection
	GlobalSection(ExtensibilityGlobals) = postSolution
		SolutionGuid = {70920FAE-839A-4AF2-B463-504EF19C83AE}
	EndGlobalSection
EndGlobal
